
Microsoft Visual Studio Solution File, Format Version 12.00
# Visual Studio 15
VisualStudioVersion = 15.0.28010.2036
MinimumVisualStudioVersion = 10.0.40219.1
Project("{FAE04EC0-301F-11D3-BF4B-00C04F79EFBC}") = "Phonebook", "Phonebook\Phonebook.csproj", "{BD6E17EE-8C2D-47C7-BD89-F90585FDE330}"
EndProject
Global
	GlobalSection(SolutionConfigurationPlatforms) = preSolution
		Debug|Any CPU = Debug|Any CPU
		Release|Any CPU = Release|Any CPU
	EndGlobalSection
	GlobalSection(ProjectConfigurationPlatforms) = postSolution
		{BD6E17EE-8C2D-47C7-BD89-F90585FDE330}.Debug|Any CPU.ActiveCfg = Debug|Any CPU
		{BD6E17EE-8C2D-47C7-BD89-F90585FDE330}.Debug|Any CPU.Build.0 = Debug|Any CPU
		{BD6E17EE-8C2D-47C7-BD89-F90585FDE330}.Release|Any CPU.ActiveCfg = Release|Any CPU
		{BD6E17EE-8C2D-47C7-BD89-F90585FDE330}.Release|Any CPU.Build.0 = Release|Any CPU
	EndGlobalSection
	GlobalSection(SolutionProperties) = preSolution
		HideSolutionNode = FALSE
	EndGlobalSection
	GlobalSection(ExtensibilityGlobals) = postSolution
		SolutionGuid = {4054A9CA-DC96-4895-BB75-FF980A109A24}
	EndGlobalSection
EndGlobal
